
Microsoft Visual Studio Solution File, Format Version 12.00
# Visual Studio Version 16
VisualStudioVersion = 16.0.29424.173
MinimumVisualStudioVersion = 10.0.40219.1
Project("{9A19103F-16F7-4668-BE54-9A1E7A4F7556}") = "FinancialChat.Web", "FinancialChat.Web\FinancialChat.Web.csproj", "{BFCE8FF6-BB46-4D9A-8151-EB173A0818A8}"
EndProject
Project("{9A19103F-16F7-4668-BE54-9A1E7A4F7556}") = "FinancialChat.Logic", "FinancialChat.Logic\FinancialChat.Logic.csproj", "{B699EFF2-3BFF-40F6-A73E-C6D5111079D7}"
EndProject
Project("{9A19103F-16F7-4668-BE54-9A1E7A4F7556}") = "FinancialChat.Providers", "FinancialChat.Provider\FinancialChat.Providers.csproj", "{82894151-9B00-4791-9B24-2D3CFE7488B1}"
EndProject
Project("{9A19103F-16F7-4668-BE54-9A1E7A4F7556}") = "FinancialChat.Domain", "FinancialChat.Domain\FinancialChat.Domain.csproj", "{220A9213-04F0-41DA-B69A-5A91F81E142B}"
EndProject
Project("{FAE04EC0-301F-11D3-BF4B-00C04F79EFBC}") = "FinancialChat.Bot", "FinancialChat.Bot\FinancialChat.Bot.csproj", "{99C3923D-469C-4443-A1BB-0B1B737C3375}"
EndProject
Global
	GlobalSection(SolutionConfigurationPlatforms) = preSolution
		Debug|Any CPU = Debug|Any CPU
		Release|Any CPU = Release|Any CPU
	EndGlobalSection
	GlobalSection(ProjectConfigurationPlatforms) = postSolution
		{BFCE8FF6-BB46-4D9A-8151-EB173A0818A8}.Debug|Any CPU.ActiveCfg = Debug|Any CPU
		{BFCE8FF6-BB46-4D9A-8151-EB173A0818A8}.Debug|Any CPU.Build.0 = Debug|Any CPU
		{BFCE8FF6-BB46-4D9A-8151-EB173A0818A8}.Release|Any CPU.ActiveCfg = Release|Any CPU
		{BFCE8FF6-BB46-4D9A-8151-EB173A0818A8}.Release|Any CPU.Build.0 = Release|Any CPU
		{B699EFF2-3BFF-40F6-A73E-C6D5111079D7}.Debug|Any CPU.ActiveCfg = Debug|Any CPU
		{B699EFF2-3BFF-40F6-A73E-C6D5111079D7}.Debug|Any CPU.Build.0 = Debug|Any CPU
		{B699EFF2-3BFF-40F6-A73E-C6D5111079D7}.Release|Any CPU.ActiveCfg = Release|Any CPU
		{B699EFF2-3BFF-40F6-A73E-C6D5111079D7}.Release|Any CPU.Build.0 = Release|Any CPU
		{82894151-9B00-4791-9B24-2D3CFE7488B1}.Debug|Any CPU.ActiveCfg = Debug|Any CPU
		{82894151-9B00-4791-9B24-2D3CFE7488B1}.Debug|Any CPU.Build.0 = Debug|Any CPU
		{82894151-9B00-4791-9B24-2D3CFE7488B1}.Release|Any CPU.ActiveCfg = Release|Any CPU
		{82894151-9B00-4791-9B24-2D3CFE7488B1}.Release|Any CPU.Build.0 = Release|Any CPU
		{220A9213-04F0-41DA-B69A-5A91F81E142B}.Debug|Any CPU.ActiveCfg = Debug|Any CPU
		{220A9213-04F0-41DA-B69A-5A91F81E142B}.Debug|Any CPU.Build.0 = Debug|Any CPU
		{220A9213-04F0-41DA-B69A-5A91F81E142B}.Release|Any CPU.ActiveCfg = Release|Any CPU
		{220A9213-04F0-41DA-B69A-5A91F81E142B}.Release|Any CPU.Build.0 = Release|Any CPU
		{99C3923D-469C-4443-A1BB-0B1B737C3375}.Debug|Any CPU.ActiveCfg = Debug|Any CPU
		{99C3923D-469C-4443-A1BB-0B1B737C3375}.Debug|Any CPU.Build.0 = Debug|Any CPU
		{99C3923D-469C-4443-A1BB-0B1B737C3375}.Release|Any CPU.ActiveCfg = Release|Any CPU
		{99C3923D-469C-4443-A1BB-0B1B737C3375}.Release|Any CPU.Build.0 = Release|Any CPU
	EndGlobalSection
	GlobalSection(SolutionProperties) = preSolution
		HideSolutionNode = FALSE
	EndGlobalSection
	GlobalSection(ExtensibilityGlobals) = postSolution
		SolutionGuid = {257E81EB-F4BB-46A6-83CE-5C2A5D85A914}
	EndGlobalSection
EndGlobal
