
Microsoft Visual Studio Solution File, Format Version 12.00
# Visual Studio Version 16
VisualStudioVersion = 16.0.29424.173
MinimumVisualStudioVersion = 10.0.40219.1
Project("{9A19103F-16F7-4668-BE54-9A1E7A4F7556}") = "Financial.Chat.Web", "Financial.Chat.Web\Financial.Chat.Web.csproj", "{5B177500-2154-439A-918A-2B01A1E0A2CD}"
EndProject
Project("{9A19103F-16F7-4668-BE54-9A1E7A4F7556}") = "Financial.Chat.Domain", "Financial.Chat.Domain\Financial.Chat.Domain.csproj", "{08307734-5212-4DA3-8275-7F36C9C2113F}"
EndProject
Project("{FAE04EC0-301F-11D3-BF4B-00C04F79EFBC}") = "Financial.Chat.Providers", "Financial.Chat.Provider\Financial.Chat.Providers.csproj", "{46457534-E6E8-4616-A9EE-BD0C58DAEA53}"
EndProject
Project("{FAE04EC0-301F-11D3-BF4B-00C04F79EFBC}") = "Financial.Chat.Logic", "Financial.Chat.Logic\Financial.Chat.Logic.csproj", "{012C8421-4681-4FE9-B695-9C7C4F718FE8}"
EndProject
Global
	GlobalSection(SolutionConfigurationPlatforms) = preSolution
		Debug|Any CPU = Debug|Any CPU
		Release|Any CPU = Release|Any CPU
	EndGlobalSection
	GlobalSection(ProjectConfigurationPlatforms) = postSolution
		{5B177500-2154-439A-918A-2B01A1E0A2CD}.Debug|Any CPU.ActiveCfg = Debug|Any CPU
		{5B177500-2154-439A-918A-2B01A1E0A2CD}.Debug|Any CPU.Build.0 = Debug|Any CPU
		{5B177500-2154-439A-918A-2B01A1E0A2CD}.Release|Any CPU.ActiveCfg = Release|Any CPU
		{5B177500-2154-439A-918A-2B01A1E0A2CD}.Release|Any CPU.Build.0 = Release|Any CPU
		{08307734-5212-4DA3-8275-7F36C9C2113F}.Debug|Any CPU.ActiveCfg = Debug|Any CPU
		{08307734-5212-4DA3-8275-7F36C9C2113F}.Debug|Any CPU.Build.0 = Debug|Any CPU
		{08307734-5212-4DA3-8275-7F36C9C2113F}.Release|Any CPU.ActiveCfg = Release|Any CPU
		{08307734-5212-4DA3-8275-7F36C9C2113F}.Release|Any CPU.Build.0 = Release|Any CPU
		{46457534-E6E8-4616-A9EE-BD0C58DAEA53}.Debug|Any CPU.ActiveCfg = Debug|Any CPU
		{46457534-E6E8-4616-A9EE-BD0C58DAEA53}.Debug|Any CPU.Build.0 = Debug|Any CPU
		{46457534-E6E8-4616-A9EE-BD0C58DAEA53}.Release|Any CPU.ActiveCfg = Release|Any CPU
		{46457534-E6E8-4616-A9EE-BD0C58DAEA53}.Release|Any CPU.Build.0 = Release|Any CPU
		{012C8421-4681-4FE9-B695-9C7C4F718FE8}.Debug|Any CPU.ActiveCfg = Debug|Any CPU
		{012C8421-4681-4FE9-B695-9C7C4F718FE8}.Debug|Any CPU.Build.0 = Debug|Any CPU
		{012C8421-4681-4FE9-B695-9C7C4F718FE8}.Release|Any CPU.ActiveCfg = Release|Any CPU
		{012C8421-4681-4FE9-B695-9C7C4F718FE8}.Release|Any CPU.Build.0 = Release|Any CPU
	EndGlobalSection
	GlobalSection(SolutionProperties) = preSolution
		HideSolutionNode = FALSE
	EndGlobalSection
	GlobalSection(ExtensibilityGlobals) = postSolution
		SolutionGuid = {257E81EB-F4BB-46A6-83CE-5C2A5D85A914}
	EndGlobalSection
EndGlobal
